// !$*UTF8*$!
{
	archiveVersion = 1;
	classes = {
	};
	objectVersion = 54;
	objects = {

/* Begin PBXBuildFile section */
		92BC8BFD26C601CA0060C242 /* AppDelegate.swift in Sources */ = {isa = PBXBuildFile; fileRef = 92BC8BFC26C601CA0060C242 /* AppDelegate.swift */; };
		92BC8BFF26C601CA0060C242 /* SceneDelegate.swift in Sources */ = {isa = PBXBuildFile; fileRef = 92BC8BFE26C601CA0060C242 /* SceneDelegate.swift */; };
		92BC8C0126C601CA0060C242 /* ViewController.swift in Sources */ = {isa = PBXBuildFile; fileRef = 92BC8C0026C601CA0060C242 /* ViewController.swift */; };
		92BC8C0426C601CA0060C242 /* Main.storyboard in Resources */ = {isa = PBXBuildFile; fileRef = 92BC8C0226C601CA0060C242 /* Main.storyboard */; };
		92BC8C0626C601CC0060C242 /* Assets.xcassets in Resources */ = {isa = PBXBuildFile; fileRef = 92BC8C0526C601CC0060C242 /* Assets.xcassets */; };
		92BC8C0926C601CC0060C242 /* LaunchScreen.storyboard in Resources */ = {isa = PBXBuildFile; fileRef = 92BC8C0726C601CC0060C242 /* LaunchScreen.storyboard */; };
		92BC8C1126C604120060C242 /* DummyViewController.swift in Sources */ = {isa = PBXBuildFile; fileRef = 92BC8C1026C604120060C242 /* DummyViewController.swift */; };
		92BC8C1326C6094D0060C242 /* DummyViewController.xib in Resources */ = {isa = PBXBuildFile; fileRef = 92BC8C1226C6094D0060C242 /* DummyViewController.xib */; };
/* End PBXBuildFile section */

/* Begin PBXFileReference section */
		92BC8BF926C601CA0060C242 /* navbar15.app */ = {isa = PBXFileReference; explicitFileType = wrapper.application; includeInIndex = 0; path = navbar15.app; sourceTree = BUILT_PRODUCTS_DIR; };
		92BC8BFC26C601CA0060C242 /* AppDelegate.swift */ = {isa = PBXFileReference; lastKnownFileType = sourcecode.swift; path = AppDelegate.swift; sourceTree = "<group>"; };
		92BC8BFE26C601CA0060C242 /* SceneDelegate.swift */ = {isa = PBXFileReference; lastKnownFileType = sourcecode.swift; path = SceneDelegate.swift; sourceTree = "<group>"; };
		92BC8C0026C601CA0060C242 /* ViewController.swift */ = {isa = PBXFileReference; lastKnownFileType = sourcecode.swift; path = ViewController.swift; sourceTree = "<group>"; };
		92BC8C0326C601CA0060C242 /* Base */ = {isa = PBXFileReference; lastKnownFileType = file.storyboard; name = Base; path = Base.lproj/Main.storyboard; sourceTree = "<group>"; };
		92BC8C0526C601CC0060C242 /* Assets.xcassets */ = {isa = PBXFileReference; lastKnownFileType = folder.assetcatalog; path = Assets.xcassets; sourceTree = "<group>"; };
		92BC8C0826C601CC0060C242 /* Base */ = {isa = PBXFileReference; lastKnownFileType = file.storyboard; name = Base; path = Base.lproj/LaunchScreen.storyboard; sourceTree = "<group>"; };
		92BC8C0A26C601CC0060C242 /* Info.plist */ = {isa = PBXFileReference; lastKnownFileType = text.plist.xml; path = Info.plist; sourceTree = "<group>"; };
		92BC8C1026C604120060C242 /* DummyViewController.swift */ = {isa = PBXFileReference; lastKnownFileType = sourcecode.swift; path = DummyViewController.swift; sourceTree = "<group>"; };
		92BC8C1226C6094D0060C242 /* DummyViewController.xib */ = {isa = PBXFileReference; lastKnownFileType = file.xib; path = DummyViewController.xib; sourceTree = "<group>"; };
/* End PBXFileReference section */

/* Begin PBXFrameworksBuildPhase section */
		92BC8BF626C601CA0060C242 /* Frameworks */ = {
			isa = PBXFrameworksBuildPhase;
			buildActionMask = 2147483647;
			files = (
			);
			runOnlyForDeploymentPostprocessing = 0;
		};
/* End PBXFrameworksBuildPhase section */

/* Begin PBXGroup section */
		92BC8BF026C601C90060C242 = {
			isa = PBXGroup;
			children = (
				92BC8BFB26C601CA0060C242 /* navbar15 */,
				92BC8BFA26C601CA0060C242 /* Products */,
			);
			sourceTree = "<group>";
		};
		92BC8BFA26C601CA0060C242 /* Products */ = {
			isa = PBXGroup;
			children = (
				92BC8BF926C601CA0060C242 /* navbar15.app */,
			);
			name = Products;
			sourceTree = "<group>";
		};
		92BC8BFB26C601CA0060C242 /* navbar15 */ = {
			isa = PBXGroup;
			children = (
				92BC8BFC26C601CA0060C242 /* AppDelegate.swift */,
				92BC8BFE26C601CA0060C242 /* SceneDelegate.swift */,
				92BC8C0026C601CA0060C242 /* ViewController.swift */,
				92BC8C1026C604120060C242 /* DummyViewController.swift */,
				92BC8C1226C6094D0060C242 /* DummyViewController.xib */,
				92BC8C0226C601CA0060C242 /* Main.storyboard */,
				92BC8C0526C601CC0060C242 /* Assets.xcassets */,
				92BC8C0726C601CC0060C242 /* LaunchScreen.storyboard */,
				92BC8C0A26C601CC0060C242 /* Info.plist */,
			);
			path = navbar15;
			sourceTree = "<group>";
		};
/* End PBXGroup section */

/* Begin PBXNativeTarget section */
		92BC8BF826C601CA0060C242 /* navbar15 */ = {
			isa = PBXNativeTarget;
			buildConfigurationList = 92BC8C0D26C601CC0060C242 /* Build configuration list for PBXNativeTarget "navbar15" */;
			buildPhases = (
				92BC8BF526C601CA0060C242 /* Sources */,
				92BC8BF626C601CA0060C242 /* Frameworks */,
				92BC8BF726C601CA0060C242 /* Resources */,
			);
			buildRules = (
			);
			dependencies = (
			);
			name = navbar15;
			productName = navbar15;
			productReference = 92BC8BF926C601CA0060C242 /* navbar15.app */;
			productType = "com.apple.product-type.application";
		};
/* End PBXNativeTarget section */

/* Begin PBXProject section */
		92BC8BF126C601C90060C242 /* Project object */ = {
			isa = PBXProject;
			attributes = {
				BuildIndependentTargetsInParallel = 1;
				LastSwiftUpdateCheck = 1300;
				LastUpgradeCheck = 1300;
				TargetAttributes = {
					92BC8BF826C601CA0060C242 = {
						CreatedOnToolsVersion = 13.0;
					};
				};
			};
			buildConfigurationList = 92BC8BF426C601C90060C242 /* Build configuration list for PBXProject "navbar15" */;
			compatibilityVersion = "Xcode 12.0";
			developmentRegion = en;
			hasScannedForEncodings = 0;
			knownRegions = (
				en,
				Base,
			);
			mainGroup = 92BC8BF026C601C90060C242;
			productRefGroup = 92BC8BFA26C601CA0060C242 /* Products */;
			projectDirPath = "";
			projectRoot = "";
			targets = (
				92BC8BF826C601CA0060C242 /* navbar15 */,
			);
		};
/* End PBXProject section */

/* Begin PBXResourcesBuildPhase section */
		92BC8BF726C601CA0060C242 /* Resources */ = {
			isa = PBXResourcesBuildPhase;
			buildActionMask = 2147483647;
			files = (
				92BC8C0926C601CC0060C242 /* LaunchScreen.storyboard in Resources */,
				92BC8C0626C601CC0060C242 /* Assets.xcassets in Resources */,
				92BC8C0426C601CA0060C242 /* Main.storyboard in Resources */,
				92BC8C1326C6094D0060C242 /* DummyViewController.xib in Resources */,
			);
			runOnlyForDeploymentPostprocessing = 0;
		};
/* End PBXResourcesBuildPhase section */

/* Begin PBXSourcesBuildPhase section */
		92BC8BF526C601CA0060C242 /* Sources */ = {
			isa = PBXSourcesBuildPhase;
			buildActionMask = 2147483647;
			files = (
				92BC8C0126C601CA0060C242 /* ViewController.swift in Sources */,
				92BC8BFD26C601CA0060C242 /* AppDelegate.swift in Sources */,
				92BC8BFF26C601CA0060C242 /* SceneDelegate.swift in Sources */,
				92BC8C1126C604120060C242 /* DummyViewController.swift in Sources */,
			);
			runOnlyForDeploymentPostprocessing = 0;
		};
/* End PBXSourcesBuildPhase section */

/* Begin PBXVariantGroup section */
		92BC8C0226C601CA0060C242 /* Main.storyboard */ = {
			isa = PBXVariantGroup;
			children = (
				92BC8C0326C601CA0060C242 /* Base */,
			);
			name = Main.storyboard;
			sourceTree = "<group>";
		};
		92BC8C0726C601CC0060C242 /* LaunchScreen.storyboard */ = {
			isa = PBXVariantGroup;
			children = (
				92BC8C0826C601CC0060C242 /* Base */,
			);
			name = LaunchScreen.storyboard;
			sourceTree = "<group>";
		};
/* End PBXVariantGroup section */

/* Begin XCBuildConfiguration section */
		92BC8C0B26C601CC0060C242 /* Debug */ = {
			isa = XCBuildConfiguration;
			buildSettings = {
				ALWAYS_SEARCH_USER_PATHS = NO;
				CLANG_ANALYZER_NONNULL = YES;
				CLANG_ANALYZER_NUMBER_OBJECT_CONVERSION = YES_AGGRESSIVE;
				CLANG_CXX_LANGUAGE_STANDARD = "gnu++17";
				CLANG_CXX_LIBRARY = "libc++";
				CLANG_ENABLE_MODULES = YES;
				CLANG_ENABLE_OBJC_ARC = YES;
				CLANG_ENABLE_OBJC_WEAK = YES;
				CLANG_WARN_BLOCK_CAPTURE_AUTORELEASING = YES;
				CLANG_WARN_BOOL_CONVERSION = YES;
				CLANG_WARN_COMMA = YES;
				CLANG_WARN_CONSTANT_CONVERSION = YES;
				CLANG_WARN_DEPRECATED_OBJC_IMPLEMENTATIONS = YES;
				CLANG_WARN_DIRECT_OBJC_ISA_USAGE = YES_ERROR;
				CLANG_WARN_DOCUMENTATION_COMMENTS = YES;
				CLANG_WARN_EMPTY_BODY = YES;
				CLANG_WARN_ENUM_CONVERSION = YES;
				CLANG_WARN_INFINITE_RECURSION = YES;
				CLANG_WARN_INT_CONVERSION = YES;
				CLANG_WARN_NON_LITERAL_NULL_CONVERSION = YES;
				CLANG_WARN_OBJC_IMPLICIT_RETAIN_SELF = YES;
				CLANG_WARN_OBJC_LITERAL_CONVERSION = YES;
				CLANG_WARN_OBJC_ROOT_CLASS = YES_ERROR;
				CLANG_WARN_QUOTED_INCLUDE_IN_FRAMEWORK_HEADER = YES;
				CLANG_WARN_RANGE_LOOP_ANALYSIS = YES;
				CLANG_WARN_STRICT_PROTOTYPES = YES;
				CLANG_WARN_SUSPICIOUS_MOVE = YES;
				CLANG_WARN_UNGUARDED_AVAILABILITY = YES_AGGRESSIVE;
				CLANG_WARN_UNREACHABLE_CODE = YES;
				CLANG_WARN__DUPLICATE_METHOD_MATCH = YES;
				COPY_PHASE_STRIP = NO;
				DEBUG_INFORMATION_FORMAT = dwarf;
				ENABLE_STRICT_OBJC_MSGSEND = YES;
				ENABLE_TESTABILITY = YES;
				GCC_C_LANGUAGE_STANDARD = gnu11;
				GCC_DYNAMIC_NO_PIC = NO;
				GCC_NO_COMMON_BLOCKS = YES;
				GCC_OPTIMIZATION_LEVEL = 0;
				GCC_PREPROCESSOR_DEFINITIONS = (
					"DEBUG=1",
					"$(inherited)",
				);
				GCC_WARN_64_TO_32_BIT_CONVERSION = YES;
				GCC_WARN_ABOUT_RETURN_TYPE = YES_ERROR;
				GCC_WARN_UNDECLARED_SELECTOR = YES;
				GCC_WARN_UNINITIALIZED_AUTOS = YES_AGGRESSIVE;
				GCC_WARN_UNUSED_FUNCTION = YES;
				GCC_WARN_UNUSED_VARIABLE = YES;
				IPHONEOS_DEPLOYMENT_TARGET = 15.0;
				MTL_ENABLE_DEBUG_INFO = INCLUDE_SOURCE;
				MTL_FAST_MATH = YES;
				ONLY_ACTIVE_ARCH = YES;
				SDKROOT = iphoneos;
				SWIFT_ACTIVE_COMPILATION_CONDITIONS = DEBUG;
				SWIFT_OPTIMIZATION_LEVEL = "-Onone";
			};
			name = Debug;
		};
		92BC8C0C26C601CC0060C242 /* Release */ = {
			isa = XCBuildConfiguration;
			buildSettings = {
				ALWAYS_SEARCH_USER_PATHS = NO;
				CLANG_ANALYZER_NONNULL = YES;
				CLANG_ANALYZER_NUMBER_OBJECT_CONVERSION = YES_AGGRESSIVE;
				CLANG_CXX_LANGUAGE_STANDARD = "gnu++17";
				CLANG_CXX_LIBRARY = "libc++";
				CLANG_ENABLE_MODULES = YES;
				CLANG_ENABLE_OBJC_ARC = YES;
				CLANG_ENABLE_OBJC_WEAK = YES;
				CLANG_WARN_BLOCK_CAPTURE_AUTORELEASING = YES;
				CLANG_WARN_BOOL_CONVERSION = YES;
				CLANG_WARN_COMMA = YES;
				CLANG_WARN_CONSTANT_CONVERSION = YES;
				CLANG_WARN_DEPRECATED_OBJC_IMPLEMENTATIONS = YES;
				CLANG_WARN_DIRECT_OBJC_ISA_USAGE = YES_ERROR;
				CLANG_WARN_DOCUMENTATION_COMMENTS = YES;
				CLANG_WARN_EMPTY_BODY = YES;
				CLANG_WARN_ENUM_CONVERSION = YES;
				CLANG_WARN_INFINITE_RECURSION = YES;
				CLANG_WARN_INT_CONVERSION = YES;
				CLANG_WARN_NON_LITERAL_NULL_CONVERSION = YES;
				CLANG_WARN_OBJC_IMPLICIT_RETAIN_SELF = YES;
				CLANG_WARN_OBJC_LITERAL_CONVERSION = YES;
				CLANG_WARN_OBJC_ROOT_CLASS = YES_ERROR;
				CLANG_WARN_QUOTED_INCLUDE_IN_FRAMEWORK_HEADER = YES;
				CLANG_WARN_RANGE_LOOP_ANALYSIS = YES;
				CLANG_WARN_STRICT_PROTOTYPES = YES;
				CLANG_WARN_SUSPICIOUS_MOVE = YES;
				CLANG_WARN_UNGUARDED_AVAILABILITY = YES_AGGRESSIVE;
				CLANG_WARN_UNREACHABLE_CODE = YES;
				CLANG_WARN__DUPLICATE_METHOD_MATCH = YES;
				COPY_PHASE_STRIP = NO;
				DEBUG_INFORMATION_FORMAT = "dwarf-with-dsym";
				ENABLE_NS_ASSERTIONS = NO;
				ENABLE_STRICT_OBJC_MSGSEND = YES;
				GCC_C_LANGUAGE_STANDARD = gnu11;
				GCC_NO_COMMON_BLOCKS = YES;
				GCC_WARN_64_TO_32_BIT_CONVERSION = YES;
				GCC_WARN_ABOUT_RETURN_TYPE = YES_ERROR;
				GCC_WARN_UNDECLARED_SELECTOR = YES;
				GCC_WARN_UNINITIALIZED_AUTOS = YES_AGGRESSIVE;
				GCC_WARN_UNUSED_FUNCTION = YES;
				GCC_WARN_UNUSED_VARIABLE = YES;
				IPHONEOS_DEPLOYMENT_TARGET = 15.0;
				MTL_ENABLE_DEBUG_INFO = NO;
				MTL_FAST_MATH = YES;
				SDKROOT = iphoneos;
				SWIFT_COMPILATION_MODE = wholemodule;
				SWIFT_OPTIMIZATION_LEVEL = "-O";
				VALIDATE_PRODUCT = YES;
			};
			name = Release;
		};
		92BC8C0E26C601CC0060C242 /* Debug */ = {
			isa = XCBuildConfiguration;
			buildSettings = {
				ASSETCATALOG_COMPILER_APPICON_NAME = AppIcon;
				ASSETCATALOG_COMPILER_GLOBAL_ACCENT_COLOR_NAME = AccentColor;
				CODE_SIGN_STYLE = Automatic;
				CURRENT_PROJECT_VERSION = 1;
				DEVELOPMENT_TEAM = 4YSG3SYMLE;
				GENERATE_INFOPLIST_FILE = YES;
				INFOPLIST_FILE = navbar15/Info.plist;
				INFOPLIST_KEY_UIApplicationSupportsIndirectInputEvents = YES;
				INFOPLIST_KEY_UILaunchStoryboardName = LaunchScreen;
				INFOPLIST_KEY_UIMainStoryboardFile = Main;
				INFOPLIST_KEY_UISupportedInterfaceOrientations_iPad = "UIInterfaceOrientationPortrait UIInterfaceOrientationPortraitUpsideDown UIInterfaceOrientationLandscapeLeft UIInterfaceOrientationLandscapeRight";
				INFOPLIST_KEY_UISupportedInterfaceOrientations_iPhone = "UIInterfaceOrientationPortrait UIInterfaceOrientationLandscapeLeft UIInterfaceOrientationLandscapeRight";
				IPHONEOS_DEPLOYMENT_TARGET = 14.5;
				LD_RUNPATH_SEARCH_PATHS = (
					"$(inherited)",
					"@executable_path/Frameworks",
				);
				MARKETING_VERSION = 1.0;
				PRODUCT_BUNDLE_IDENTIFIER = org.github.henryquan.navbar15;
				PRODUCT_NAME = "$(TARGET_NAME)";
				SWIFT_EMIT_LOC_STRINGS = YES;
				SWIFT_VERSION = 5.0;
				TARGETED_DEVICE_FAMILY = "1,2";
			};
			name = Debug;
		};
		92BC8C0F26C601CC0060C242 /* Release */ = {
			isa = XCBuildConfiguration;
			buildSettings = {
				ASSETCATALOG_COMPILER_APPICON_NAME = AppIcon;
				ASSETCATALOG_COMPILER_GLOBAL_ACCENT_COLOR_NAME = AccentColor;
				CODE_SIGN_STYLE = Automatic;
				CURRENT_PROJECT_VERSION = 1;
				DEVELOPMENT_TEAM = 4YSG3SYMLE;
				GENERATE_INFOPLIST_FILE = YES;
				INFOPLIST_FILE = navbar15/Info.plist;
				INFOPLIST_KEY_UIApplicationSupportsIndirectInputEvents = YES;
				INFOPLIST_KEY_UILaunchStoryboardName = LaunchScreen;
				INFOPLIST_KEY_UIMainStoryboardFile = Main;
				INFOPLIST_KEY_UISupportedInterfaceOrientations_iPad = "UIInterfaceOrientationPortrait UIInterfaceOrientationPortraitUpsideDown UIInterfaceOrientationLandscapeLeft UIInterfaceOrientationLandscapeRight";
				INFOPLIST_KEY_UISupportedInterfaceOrientations_iPhone = "UIInterfaceOrientationPortrait UIInterfaceOrientationLandscapeLeft UIInterfaceOrientationLandscapeRight";
				IPHONEOS_DEPLOYMENT_TARGET = 14.5;
				LD_RUNPATH_SEARCH_PATHS = (
					"$(inherited)",
					"@executable_path/Frameworks",
				);
				MARKETING_VERSION = 1.0;
				PRODUCT_BUNDLE_IDENTIFIER = org.github.henryquan.navbar15;
				PRODUCT_NAME = "$(TARGET_NAME)";
				SWIFT_EMIT_LOC_STRINGS = YES;
				SWIFT_VERSION = 5.0;
				TARGETED_DEVICE_FAMILY = "1,2";
			};
			name = Release;
		};
/* End XCBuildConfiguration section */

/* Begin XCConfigurationList section */
		92BC8BF426C601C90060C242 /* Build configuration list for PBXProject "navbar15" */ = {
			isa = XCConfigurationList;
			buildConfigurations = (
				92BC8C0B26C601CC0060C242 /* Debug */,
				92BC8C0C26C601CC0060C242 /* Release */,
			);
			defaultConfigurationIsVisible = 0;
			defaultConfigurationName = Release;
		};
		92BC8C0D26C601CC0060C242 /* Build configuration list for PBXNativeTarget "navbar15" */ = {
			isa = XCConfigurationList;
			buildConfigurations = (
				92BC8C0E26C601CC0060C242 /* Debug */,
				92BC8C0F26C601CC0060C242 /* Release */,
			);
			defaultConfigurationIsVisible = 0;
			defaultConfigurationName = Release;
		};
/* End XCConfigurationList section */
	};
	rootObject = 92BC8BF126C601C90060C242 /* Project object */;
}
